
Microsoft Visual Studio Solution File, Format Version 12.00
Project("{FAE04EC0-301F-11D3-BF4B-00C04F79EFBC}") = "Console", "Console\Console.csproj", "{D2E7CCAB-698F-449C-88E9-7939F6480CCA}"
EndProject
Project("{FAE04EC0-301F-11D3-BF4B-00C04F79EFBC}") = "WinUi", "WinUi\WinUi.csproj", "{87B411FE-D017-44F9-A209-13A559FFD1D8}"
EndProject
Global
	GlobalSection(SolutionConfigurationPlatforms) = preSolution
		Debug|Any CPU = Debug|Any CPU
		Release|Any CPU = Release|Any CPU
	EndGlobalSection
	GlobalSection(ProjectConfigurationPlatforms) = postSolution
		{D2E7CCAB-698F-449C-88E9-7939F6480CCA}.Debug|Any CPU.ActiveCfg = Debug|Any CPU
		{D2E7CCAB-698F-449C-88E9-7939F6480CCA}.Debug|Any CPU.Build.0 = Debug|Any CPU
		{D2E7CCAB-698F-449C-88E9-7939F6480CCA}.Release|Any CPU.ActiveCfg = Release|Any CPU
		{D2E7CCAB-698F-449C-88E9-7939F6480CCA}.Release|Any CPU.Build.0 = Release|Any CPU
		{87B411FE-D017-44F9-A209-13A559FFD1D8}.Debug|Any CPU.ActiveCfg = Debug|Any CPU
		{87B411FE-D017-44F9-A209-13A559FFD1D8}.Debug|Any CPU.Build.0 = Debug|Any CPU
		{87B411FE-D017-44F9-A209-13A559FFD1D8}.Release|Any CPU.ActiveCfg = Release|Any CPU
		{87B411FE-D017-44F9-A209-13A559FFD1D8}.Release|Any CPU.Build.0 = Release|Any CPU
	EndGlobalSection
EndGlobal
